
Microsoft Visual Studio Solution File, Format Version 12.00
# Visual Studio Version 16
VisualStudioVersion = 16.0.31729.503
MinimumVisualStudioVersion = 10.0.40219.1
Project("{FAE04EC0-301F-11D3-BF4B-00C04F79EFBC}") = "Simulator", "Simulator\Simulator.csproj", "{029D9126-DC39-4CCD-9043-F3A71A974C1E}"
EndProject
Global
	GlobalSection(SolutionConfigurationPlatforms) = preSolution
		Debug|Any CPU = Debug|Any CPU
		Release|Any CPU = Release|Any CPU
	EndGlobalSection
	GlobalSection(ProjectConfigurationPlatforms) = postSolution
		{029D9126-DC39-4CCD-9043-F3A71A974C1E}.Debug|Any CPU.ActiveCfg = Debug|Any CPU
		{029D9126-DC39-4CCD-9043-F3A71A974C1E}.Debug|Any CPU.Build.0 = Debug|Any CPU
		{029D9126-DC39-4CCD-9043-F3A71A974C1E}.Release|Any CPU.ActiveCfg = Release|Any CPU
		{029D9126-DC39-4CCD-9043-F3A71A974C1E}.Release|Any CPU.Build.0 = Release|Any CPU
	EndGlobalSection
	GlobalSection(SolutionProperties) = preSolution
		HideSolutionNode = FALSE
	EndGlobalSection
	GlobalSection(ExtensibilityGlobals) = postSolution
		SolutionGuid = {EE926F15-B172-44EE-B6AB-86F383627331}
	EndGlobalSection
EndGlobal
