
Microsoft Visual Studio Solution File, Format Version 12.00
# Visual Studio Version 16
VisualStudioVersion = 16.0.31729.503
MinimumVisualStudioVersion = 10.0.40219.1
Project("{FAE04EC0-301F-11D3-BF4B-00C04F79EFBC}") = "ProcessManagmentApp", "ProcessManagmentApp\ProcessManagmentApp.csproj", "{93B2F0CA-91BE-4D1D-A354-B922F5FDEF9B}"
EndProject
Global
	GlobalSection(SolutionConfigurationPlatforms) = preSolution
		Debug|Any CPU = Debug|Any CPU
		Release|Any CPU = Release|Any CPU
	EndGlobalSection
	GlobalSection(ProjectConfigurationPlatforms) = postSolution
		{93B2F0CA-91BE-4D1D-A354-B922F5FDEF9B}.Debug|Any CPU.ActiveCfg = Debug|Any CPU
		{93B2F0CA-91BE-4D1D-A354-B922F5FDEF9B}.Debug|Any CPU.Build.0 = Debug|Any CPU
		{93B2F0CA-91BE-4D1D-A354-B922F5FDEF9B}.Release|Any CPU.ActiveCfg = Release|Any CPU
		{93B2F0CA-91BE-4D1D-A354-B922F5FDEF9B}.Release|Any CPU.Build.0 = Release|Any CPU
	EndGlobalSection
	GlobalSection(SolutionProperties) = preSolution
		HideSolutionNode = FALSE
	EndGlobalSection
	GlobalSection(ExtensibilityGlobals) = postSolution
		SolutionGuid = {4B6EF167-FD71-484A-974C-ADF8CF9E8683}
	EndGlobalSection
EndGlobal
