
Microsoft Visual Studio Solution File, Format Version 12.00
# Visual Studio Version 16
VisualStudioVersion = 16.0.31729.503
MinimumVisualStudioVersion = 10.0.40219.1
Project("{FAE04EC0-301F-11D3-BF4B-00C04F79EFBC}") = "DDoSAttack", "DDoSAttack\DDoSAttack.csproj", "{855BDCDA-EB0B-40A9-9192-04B7AC1E06C4}"
EndProject
Global
	GlobalSection(SolutionConfigurationPlatforms) = preSolution
		Debug|Any CPU = Debug|Any CPU
		Release|Any CPU = Release|Any CPU
	EndGlobalSection
	GlobalSection(ProjectConfigurationPlatforms) = postSolution
		{855BDCDA-EB0B-40A9-9192-04B7AC1E06C4}.Debug|Any CPU.ActiveCfg = Debug|Any CPU
		{855BDCDA-EB0B-40A9-9192-04B7AC1E06C4}.Debug|Any CPU.Build.0 = Debug|Any CPU
		{855BDCDA-EB0B-40A9-9192-04B7AC1E06C4}.Release|Any CPU.ActiveCfg = Release|Any CPU
		{855BDCDA-EB0B-40A9-9192-04B7AC1E06C4}.Release|Any CPU.Build.0 = Release|Any CPU
	EndGlobalSection
	GlobalSection(SolutionProperties) = preSolution
		HideSolutionNode = FALSE
	EndGlobalSection
	GlobalSection(ExtensibilityGlobals) = postSolution
		SolutionGuid = {D277F8B6-B98A-4441-986F-0FE8F6CD0AB2}
	EndGlobalSection
EndGlobal
